{
  "name": "AWS_Exploration",
  "lockfileVersion": 2,
  "requires": true,
  "packages": {
    "": {
      "dependencies": {
        "cytoscape": "^3.21.2",
        "inet-henge": "^1.2.1",
        "ruby": "^0.6.1"
      }
    },
    "node_modules/cytoscape": {
      "version": "3.21.2",
      "resolved": "https://registry.npmjs.org/cytoscape/-/cytoscape-3.21.2.tgz",
      "integrity": "sha512-VFvgKCaiPnZHpBQFZP6lYAQrnzNAy62Dw7ehcgejxn1Lb2xX2oaVxTuMrAz0kwRifJK/z9sc6M6I3dObSckUrw==",
      "dependencies": {
        "heap": "^0.2.6",
        "lodash.debounce": "^4.0.8",
        "lodash.get": "^4.4.2",
        "lodash.set": "^4.3.2",
        "lodash.topath": "^4.5.2"
      },
      "engines": {
        "node": ">=0.10"
      }
    },
    "node_modules/heap": {
      "version": "0.2.7",
      "resolved": "https://registry.npmjs.org/heap/-/heap-0.2.7.tgz",
      "integrity": "sha512-2bsegYkkHO+h/9MGbn6KWcE45cHZgPANo5LXF7EvWdT0yT2EguSVO1nDgU5c8+ZOPwp2vMNa7YFsJhVcDR9Sdg=="
    },
    "node_modules/inet-henge": {
      "version": "1.2.1",
      "resolved": "https://registry.npmjs.org/inet-henge/-/inet-henge-1.2.1.tgz",
      "integrity": "sha512-wN2YXk4IWsMR0Nu1lydxIyJKb2kNYVrVWRgyF3h/42/EXwPpQbMj5rVAbvrcwWcxNy20ChLVh3E6ATQShiMwdg=="
    },
    "node_modules/lodash": {
      "version": "4.17.21",
      "resolved": "https://registry.npmjs.org/lodash/-/lodash-4.17.21.tgz",
      "integrity": "sha512-v2kDEe57lecTulaDIuNTPy3Ry4gLGJ6Z1O3vE1krgXZNrsQ+LFTGHVxVjcXPs17LhbZVGedAJv8XZ1tvj5FvSg=="
    },
    "node_modules/lodash.debounce": {
      "version": "4.0.8",
      "resolved": "https://registry.npmjs.org/lodash.debounce/-/lodash.debounce-4.0.8.tgz",
      "integrity": "sha512-FT1yDzDYEoYWhnSGnpE/4Kj1fLZkDFyqRb7fNt6FdYOSxlUWAtp42Eh6Wb0rGIv/m9Bgo7x4GhQbm5Ys4SG5ow=="
    },
    "node_modules/lodash.get": {
      "version": "4.4.2",
      "resolved": "https://registry.npmjs.org/lodash.get/-/lodash.get-4.4.2.tgz",
      "integrity": "sha512-z+Uw/vLuy6gQe8cfaFWD7p0wVv8fJl3mbzXh33RS+0oW2wvUqiRXiQ69gLWSLpgB5/6sU+r6BlQR0MBILadqTQ=="
    },
    "node_modules/lodash.set": {
      "version": "4.3.2",
      "resolved": "https://registry.npmjs.org/lodash.set/-/lodash.set-4.3.2.tgz",
      "integrity": "sha512-4hNPN5jlm/N/HLMCO43v8BXKq9Z7QdAGc/VGrRD61w8gN9g/6jF9A4L1pbUgBLCffi0w9VsXfTOij5x8iTyFvg=="
    },
    "node_modules/lodash.topath": {
      "version": "4.5.2",
      "resolved": "https://registry.npmjs.org/lodash.topath/-/lodash.topath-4.5.2.tgz",
      "integrity": "sha512-1/W4dM+35DwvE/iEd1M9ekewOSTlpFekhw9mhAtrwjVqUr83/ilQiyAvmg4tVX7Unkcfl1KC+i9WdaT4B6aQcg=="
    },
    "node_modules/ruby": {
      "version": "0.6.1",
      "resolved": "https://registry.npmjs.org/ruby/-/ruby-0.6.1.tgz",
      "integrity": "sha512-TjMB+HyxathhcgvtQ3jkYWWjW3t9q+3VPLe0jpsm1x8tryXJ3626rO6gQ+0S12Oyac+Glp6KDuy1JBdKND+eSQ==",
      "dependencies": {
        "lodash": "^4.13.0"
      }
    }
  },
  "dependencies": {
    "cytoscape": {
      "version": "3.21.2",
      "resolved": "https://registry.npmjs.org/cytoscape/-/cytoscape-3.21.2.tgz",
      "integrity": "sha512-VFvgKCaiPnZHpBQFZP6lYAQrnzNAy62Dw7ehcgejxn1Lb2xX2oaVxTuMrAz0kwRifJK/z9sc6M6I3dObSckUrw==",
      "requires": {
        "heap": "^0.2.6",
        "lodash.debounce": "^4.0.8",
        "lodash.get": "^4.4.2",
        "lodash.set": "^4.3.2",
        "lodash.topath": "^4.5.2"
      }
    },
    "heap": {
      "version": "0.2.7",
      "resolved": "https://registry.npmjs.org/heap/-/heap-0.2.7.tgz",
      "integrity": "sha512-2bsegYkkHO+h/9MGbn6KWcE45cHZgPANo5LXF7EvWdT0yT2EguSVO1nDgU5c8+ZOPwp2vMNa7YFsJhVcDR9Sdg=="
    },
    "inet-henge": {
      "version": "1.2.1",
      "resolved": "https://registry.npmjs.org/inet-henge/-/inet-henge-1.2.1.tgz",
      "integrity": "sha512-wN2YXk4IWsMR0Nu1lydxIyJKb2kNYVrVWRgyF3h/42/EXwPpQbMj5rVAbvrcwWcxNy20ChLVh3E6ATQShiMwdg=="
    },
    "lodash": {
      "version": "4.17.21",
      "resolved": "https://registry.npmjs.org/lodash/-/lodash-4.17.21.tgz",
      "integrity": "sha512-v2kDEe57lecTulaDIuNTPy3Ry4gLGJ6Z1O3vE1krgXZNrsQ+LFTGHVxVjcXPs17LhbZVGedAJv8XZ1tvj5FvSg=="
    },
    "lodash.debounce": {
      "version": "4.0.8",
      "resolved": "https://registry.npmjs.org/lodash.debounce/-/lodash.debounce-4.0.8.tgz",
      "integrity": "sha512-FT1yDzDYEoYWhnSGnpE/4Kj1fLZkDFyqRb7fNt6FdYOSxlUWAtp42Eh6Wb0rGIv/m9Bgo7x4GhQbm5Ys4SG5ow=="
    },
    "lodash.get": {
      "version": "4.4.2",
      "resolved": "https://registry.npmjs.org/lodash.get/-/lodash.get-4.4.2.tgz",
      "integrity": "sha512-z+Uw/vLuy6gQe8cfaFWD7p0wVv8fJl3mbzXh33RS+0oW2wvUqiRXiQ69gLWSLpgB5/6sU+r6BlQR0MBILadqTQ=="
    },
    "lodash.set": {
      "version": "4.3.2",
      "resolved": "https://registry.npmjs.org/lodash.set/-/lodash.set-4.3.2.tgz",
      "integrity": "sha512-4hNPN5jlm/N/HLMCO43v8BXKq9Z7QdAGc/VGrRD61w8gN9g/6jF9A4L1pbUgBLCffi0w9VsXfTOij5x8iTyFvg=="
    },
    "lodash.topath": {
      "version": "4.5.2",
      "resolved": "https://registry.npmjs.org/lodash.topath/-/lodash.topath-4.5.2.tgz",
      "integrity": "sha512-1/W4dM+35DwvE/iEd1M9ekewOSTlpFekhw9mhAtrwjVqUr83/ilQiyAvmg4tVX7Unkcfl1KC+i9WdaT4B6aQcg=="
    },
    "ruby": {
      "version": "0.6.1",
      "resolved": "https://registry.npmjs.org/ruby/-/ruby-0.6.1.tgz",
      "integrity": "sha512-TjMB+HyxathhcgvtQ3jkYWWjW3t9q+3VPLe0jpsm1x8tryXJ3626rO6gQ+0S12Oyac+Glp6KDuy1JBdKND+eSQ==",
      "requires": {
        "lodash": "^4.13.0"
      }
    }
  }
}
